
Microsoft Visual Studio Solution File, Format Version 12.00
# Visual Studio 15
Project("{FAE04EC0-301F-11D3-BF4B-00C04F79EFBC}") = "Assembly-CSharp", "Assembly-CSharp.csproj", "{2CD69708-F521-F2B8-7DDC-B43AD0C99E16}"
EndProject
Project("{FAE04EC0-301F-11D3-BF4B-00C04F79EFBC}") = "Assembly-CSharp-Editor", "Assembly-CSharp-Editor.csproj", "{904A49AD-3D85-25E2-176A-0E1EE7CEFA1C}"
EndProject
Global
	GlobalSection(SolutionConfigurationPlatforms) = preSolution
		Debug|Any CPU = Debug|Any CPU
		Release|Any CPU = Release|Any CPU
	EndGlobalSection
	GlobalSection(ProjectConfigurationPlatforms) = postSolution
		{2CD69708-F521-F2B8-7DDC-B43AD0C99E16}.Debug|Any CPU.ActiveCfg = Debug|Any CPU
		{2CD69708-F521-F2B8-7DDC-B43AD0C99E16}.Debug|Any CPU.Build.0 = Debug|Any CPU
		{2CD69708-F521-F2B8-7DDC-B43AD0C99E16}.Release|Any CPU.ActiveCfg = Release|Any CPU
		{2CD69708-F521-F2B8-7DDC-B43AD0C99E16}.Release|Any CPU.Build.0 = Release|Any CPU
		{904A49AD-3D85-25E2-176A-0E1EE7CEFA1C}.Debug|Any CPU.ActiveCfg = Debug|Any CPU
		{904A49AD-3D85-25E2-176A-0E1EE7CEFA1C}.Debug|Any CPU.Build.0 = Debug|Any CPU
		{904A49AD-3D85-25E2-176A-0E1EE7CEFA1C}.Release|Any CPU.ActiveCfg = Release|Any CPU
		{904A49AD-3D85-25E2-176A-0E1EE7CEFA1C}.Release|Any CPU.Build.0 = Release|Any CPU
	EndGlobalSection
	GlobalSection(SolutionProperties) = preSolution
		HideSolutionNode = FALSE
	EndGlobalSection
EndGlobal
