
Microsoft Visual Studio Solution File, Format Version 12.00
# Visual Studio 15
Project("{FAE04EC0-301F-11D3-BF4B-00C04F79EFBC}") = "Assembly-CSharp", "Assembly-CSharp.csproj", "{67ED0E5F-FAF2-011A-6135-672986E56732}"
EndProject
Project("{FAE04EC0-301F-11D3-BF4B-00C04F79EFBC}") = "Assembly-CSharp-Editor", "Assembly-CSharp-Editor.csproj", "{877D67CB-CBA2-4FAC-4331-BB2AD7AB53A7}"
EndProject
Global
	GlobalSection(SolutionConfigurationPlatforms) = preSolution
		Debug|Any CPU = Debug|Any CPU
		Release|Any CPU = Release|Any CPU
	EndGlobalSection
	GlobalSection(ProjectConfigurationPlatforms) = postSolution
		{67ED0E5F-FAF2-011A-6135-672986E56732}.Debug|Any CPU.ActiveCfg = Debug|Any CPU
		{67ED0E5F-FAF2-011A-6135-672986E56732}.Debug|Any CPU.Build.0 = Debug|Any CPU
		{67ED0E5F-FAF2-011A-6135-672986E56732}.Release|Any CPU.ActiveCfg = Release|Any CPU
		{67ED0E5F-FAF2-011A-6135-672986E56732}.Release|Any CPU.Build.0 = Release|Any CPU
		{877D67CB-CBA2-4FAC-4331-BB2AD7AB53A7}.Debug|Any CPU.ActiveCfg = Debug|Any CPU
		{877D67CB-CBA2-4FAC-4331-BB2AD7AB53A7}.Debug|Any CPU.Build.0 = Debug|Any CPU
		{877D67CB-CBA2-4FAC-4331-BB2AD7AB53A7}.Release|Any CPU.ActiveCfg = Release|Any CPU
		{877D67CB-CBA2-4FAC-4331-BB2AD7AB53A7}.Release|Any CPU.Build.0 = Release|Any CPU
	EndGlobalSection
	GlobalSection(SolutionProperties) = preSolution
		HideSolutionNode = FALSE
	EndGlobalSection
EndGlobal
